# THIS IS AN AUTOGENERATED FILE. DO NOT EDIT THIS FILE DIRECTLY.
# yarn lockfile v1


"@azure/functions@^2.0.0":
  version "2.0.0"
  resolved "https://registry.yarnpkg.com/@azure/functions/-/functions-2.0.0.tgz#7fa416bb4b826f190336e59a4ac088b84774537e"
  integrity sha512-FUd0bdmM6LtApr9LNQi1BFpNchrk1FwkzieTSw0XzA9dCr83jI62MxWsM5YIFrDnJS3i2Ry81D78PecukGCL/w==

"@types/node@14.x":
  version "14.18.47"
  resolved "https://registry.yarnpkg.com/@types/node/-/node-14.18.47.tgz#89a56b05804d136cb99bf2f823bb00814a889aae"
  integrity sha512-OuJi8bIng4wYHHA3YpKauL58dZrPxro3d0tabPHyiNF8rKfGKuVfr83oFlPLmKri1cX+Z3cJP39GXmnqkP11Gw==

typescript@^4.0.0:
  version "4.9.5"
  resolved "https://registry.yarnpkg.com/typescript/-/typescript-4.9.5.tgz#095979f9bcc0d09da324d58d03ce8f8374cbe65a"
  integrity sha512-1FXk9E2Hm+QzZQ7z+McJiHL4NW1F2EzMu9Nq9i3zAaGqibafqYwCVU6WyWAuyQRRzOlxou8xZSyXLEN8oKj24g==
